# Generated by pub
# See https://dart.dev/tools/pub/glossary#lockfile
packages:
  dartz:
    dependency: "direct main"
    description:
      name: dartz
      url: "https://pub.dartlang.org"
    source: hosted
    version: "0.10.1"
  internet_connection_checker:
    dependency: "direct main"
    description:
      name: internet_connection_checker
      url: "https://pub.dartlang.org"
    source: hosted
    version: "0.0.1+4"
  meta:
    dependency: "direct main"
    description:
      name: meta
      url: "https://pub.dartlang.org"
    source: hosted
    version: "1.8.0"
  very_good_analysis:
    dependency: "direct dev"
    description:
      name: very_good_analysis
      url: "https://pub.dartlang.org"
    source: hosted
    version: "3.1.0"
sdks:
  dart: ">=2.18.0 <3.0.0"
